<?xml version="1.0" encoding="utf-8"?>
<Project ToolsVersion="4.0" xmlns="http://schemas.microsoft.com/developer/msbuild/2003">
  <ItemGroup>
    <Filter Include="Source Files">
      <UniqueIdentifier>{4FC737F1-C7A5-4376-A066-2A32D752A2FF}</UniqueIdentifier>
      <Extensions>cpp;c;cc;cxx;c++;cppm;ixx;def;odl;idl;hpj;bat;asm;asmx</Extensions>
    </Filter>
    <Filter Include="Header Files">
      <UniqueIdentifier>{93995380-89BD-4b04-88EB-625FBE52EBFB}</UniqueIdentifier>
      <Extensions>h;hh;hpp;hxx;h++;hm;inl;inc;ipp;xsd</Extensions>
    </Filter>
    <Filter Include="Resource Files">
      <UniqueIdentifier>{67DA6AB6-F800-4c08-8B7A-83BB121AAD01}</UniqueIdentifier>
      <Extensions>rc;ico;cur;bmp;dlg;rc2;rct;bin;rgs;gif;jpg;jpeg;jpe;resx;tiff;tif;png;wav;mfcribbon-ms</Extensions>
    </Filter>
    <Filter Include="ECS">
      <UniqueIdentifier>{5e967a10-27c4-46ff-b051-64c71663a9ae}</UniqueIdentifier>
    </Filter>
    <Filter Include="D3D11">
      <UniqueIdentifier>{73c46f01-2c1a-4304-a8d0-9e083df4a7ac}</UniqueIdentifier>
    </Filter>
    <Filter Include="D3D11\Shaders">
      <UniqueIdentifier>{b69261c4-2070-4d40-b240-bcdb8f5355a6}</UniqueIdentifier>
    </Filter>
    <Filter Include="D3D11\Shaders\SH2D">
      <UniqueIdentifier>{bbee4c4f-ca36-46b0-99b3-79d83d406aca}</UniqueIdentifier>
    </Filter>
    <Filter Include="test">
      <UniqueIdentifier>{a98345bb-9b64-4238-b1cd-9972123c0b7f}</UniqueIdentifier>
    </Filter>
    <Filter Include="D3D11\Shaders\TEX2D">
      <UniqueIdentifier>{3b61850c-7bbd-46f2-a205-845b6c41cc83}</UniqueIdentifier>
    </Filter>
  </ItemGroup>
  <ItemGroup>
    <ClCompile Include="main.cpp">
      <Filter>Source Files</Filter>
    </ClCompile>
  </ItemGroup>
  <ItemGroup>
    <Media Include="..\Debug\music.mp3" />
    <Media Include="Resoursces\Sound\bounce.wav">
      <Filter>Resource Files</Filter>
    </Media>
    <Media Include="Resoursces\Sound\fail.wav">
      <Filter>Resource Files</Filter>
    </Media>
  </ItemGroup>
  <ItemGroup>
    <Image Include="Resoursces\Image\back.bmp">
      <Filter>Resource Files</Filter>
    </Image>
    <Image Include="Resoursces\Image\background_0.bmp">
      <Filter>Resource Files</Filter>
    </Image>
    <Image Include="Resoursces\Image\background_1.bmp">
      <Filter>Resource Files</Filter>
    </Image>
    <Image Include="Resoursces\Image\ball.bmp">
      <Filter>Resource Files</Filter>
    </Image>
    <Image Include="Resoursces\Image\enemy1.bmp">
      <Filter>Resource Files</Filter>
    </Image>
    <Image Include="Resoursces\Image\frog.bmp">
      <Filter>Resource Files</Filter>
    </Image>
    <Image Include="Resoursces\Image\health_empty.bmp">
      <Filter>Resource Files</Filter>
    </Image>
    <Image Include="Resoursces\Image\health_full.bmp">
      <Filter>Resource Files</Filter>
    </Image>
    <Image Include="Resoursces\Image\racket.bmp">
      <Filter>Resource Files</Filter>
    </Image>
    <Image Include="Resoursces\Image\racket_enemy.bmp">
      <Filter>Resource Files</Filter>
    </Image>
    <Image Include="Resoursces\Image\spike.bmp">
      <Filter>Resource Files</Filter>
    </Image>
    <Image Include="Resoursces\Image\walls.bmp">
      <Filter>Resource Files</Filter>
    </Image>
    <Image Include="test1.png">
      <Filter>Resource Files</Filter>
    </Image>
    <Image Include="test2.png">
      <Filter>Resource Files</Filter>
    </Image>
    <Image Include="test3.png">
      <Filter>Resource Files</Filter>
    </Image>
    <Image Include="test4.png">
      <Filter>Resource Files</Filter>
    </Image>
  </ItemGroup>
  <ItemGroup>
    <ClInclude Include="BaseStructures.h">
      <Filter>Header Files</Filter>
    </ClInclude>
    <ClInclude Include="GameFileSystem.h">
      <Filter>Header Files</Filter>
    </ClInclude>
    <ClInclude Include="PrimaryProcess.h">
      <Filter>Header Files</Filter>
    </ClInclude>
    <ClInclude Include="ArcheType.h">
      <Filter>ECS</Filter>
    </ClInclude>
    <ClInclude Include="Component.h">
      <Filter>ECS</Filter>
    </ClInclude>
    <ClInclude Include="ECSSoft.h">
      <Filter>ECS</Filter>
    </ClInclude>
    <ClInclude Include="SystemECS.h">
      <Filter>ECS</Filter>
    </ClInclude>
    <ClInclude Include="D3D11APP.h">
      <Filter>D3D11</Filter>
    </ClInclude>
    <ClInclude Include="GraphicManager.h">
      <Filter>D3D11</Filter>
    </ClInclude>
    <ClInclude Include="APPGame.h">
      <Filter>D3D11</Filter>
    </ClInclude>
  </ItemGroup>
  <ItemGroup>
    <FxCompile Include="2DPixelShaderBlack.hlsl">
      <Filter>D3D11\Shaders\SH2D</Filter>
    </FxCompile>
    <FxCompile Include="2DVertexShader.hlsl">
      <Filter>D3D11\Shaders\SH2D</Filter>
    </FxCompile>
    <FxCompile Include="2DPixelShaderWhite.hlsl">
      <Filter>D3D11\Shaders\SH2D</Filter>
    </FxCompile>
    <FxCompile Include="TexVertexShader.hlsl">
      <Filter>D3D11\Shaders\TEX2D</Filter>
    </FxCompile>
    <FxCompile Include="TexPixelShader.hlsl">
      <Filter>D3D11\Shaders\TEX2D</Filter>
    </FxCompile>
  </ItemGroup>
</Project>